
Microsoft Visual Studio Solution File, Format Version 12.00
# Visual Studio Version 16
VisualStudioVersion = 16.0.30804.86
MinimumVisualStudioVersion = 10.0.40219.1
Project("{FAE04EC0-301F-11D3-BF4B-00C04F79EFBC}") = "Luthor.Lib", "Luthor.Lib\Luthor.Lib.csproj", "{9F2BE7DB-B1D5-487F-A52E-2C8AE4F2E15C}"
EndProject
Global
	GlobalSection(SolutionConfigurationPlatforms) = preSolution
		Debug|Any CPU = Debug|Any CPU
		Release|Any CPU = Release|Any CPU
	EndGlobalSection
	GlobalSection(ProjectConfigurationPlatforms) = postSolution
		{9F2BE7DB-B1D5-487F-A52E-2C8AE4F2E15C}.Debug|Any CPU.ActiveCfg = Debug|Any CPU
		{9F2BE7DB-B1D5-487F-A52E-2C8AE4F2E15C}.Debug|Any CPU.Build.0 = Debug|Any CPU
		{9F2BE7DB-B1D5-487F-A52E-2C8AE4F2E15C}.Release|Any CPU.ActiveCfg = Release|Any CPU
		{9F2BE7DB-B1D5-487F-A52E-2C8AE4F2E15C}.Release|Any CPU.Build.0 = Release|Any CPU
	EndGlobalSection
	GlobalSection(SolutionProperties) = preSolution
		HideSolutionNode = FALSE
	EndGlobalSection
	GlobalSection(ExtensibilityGlobals) = postSolution
		SolutionGuid = {95010AF4-B65B-495D-B241-FF14FC29DBDE}
	EndGlobalSection
EndGlobal
